
Microsoft Visual Studio Solution File, Format Version 12.00
# Visual Studio 15
VisualStudioVersion = 15.0.26730.12
MinimumVisualStudioVersion = 10.0.40219.1
Project("{FAE04EC0-301F-11D3-BF4B-00C04F79EFBC}") = "lab3", "lab3\lab3.csproj", "{AC76F2E2-CC8C-4DAB-8DC5-A68FDA035DBC}"
EndProject
Global
	GlobalSection(SolutionConfigurationPlatforms) = preSolution
		Debug|Any CPU = Debug|Any CPU
		Release|Any CPU = Release|Any CPU
	EndGlobalSection
	GlobalSection(ProjectConfigurationPlatforms) = postSolution
		{AC76F2E2-CC8C-4DAB-8DC5-A68FDA035DBC}.Debug|Any CPU.ActiveCfg = Debug|Any CPU
		{AC76F2E2-CC8C-4DAB-8DC5-A68FDA035DBC}.Debug|Any CPU.Build.0 = Debug|Any CPU
		{AC76F2E2-CC8C-4DAB-8DC5-A68FDA035DBC}.Release|Any CPU.ActiveCfg = Release|Any CPU
		{AC76F2E2-CC8C-4DAB-8DC5-A68FDA035DBC}.Release|Any CPU.Build.0 = Release|Any CPU
	EndGlobalSection
	GlobalSection(SolutionProperties) = preSolution
		HideSolutionNode = FALSE
	EndGlobalSection
	GlobalSection(ExtensibilityGlobals) = postSolution
		SolutionGuid = {9B85AC01-5591-425A-AA78-0D4E2E8E1713}
	EndGlobalSection
EndGlobal
